
Microsoft Visual Studio Solution File, Format Version 12.00
# Visual Studio 2013
VisualStudioVersion = 12.0.31101.0
MinimumVisualStudioVersion = 10.0.40219.1
Project("{FAE04EC0-301F-11D3-BF4B-00C04F79EFBC}") = "ModConsole", "ModConsole\ModConsole.csproj", "{AFFFF8F4-0EF5-4A54-BB13-50682296FC29}"
	ProjectSection(ProjectDependencies) = postProject
		{F4A9C7B5-1B59-4246-9E29-06E2E0CCB682} = {F4A9C7B5-1B59-4246-9E29-06E2E0CCB682}
		{048E7EF0-D4A3-4EE4-9620-B093DCF4B5B6} = {048E7EF0-D4A3-4EE4-9620-B093DCF4B5B6}
	EndProjectSection
EndProject
Project("{FAE04EC0-301F-11D3-BF4B-00C04F79EFBC}") = "ModElements", "ModElements\ModElements.csproj", "{F4A9C7B5-1B59-4246-9E29-06E2E0CCB682}"
	ProjectSection(ProjectDependencies) = postProject
		{048E7EF0-D4A3-4EE4-9620-B093DCF4B5B6} = {048E7EF0-D4A3-4EE4-9620-B093DCF4B5B6}
	EndProjectSection
EndProject
Project("{FAE04EC0-301F-11D3-BF4B-00C04F79EFBC}") = "ModConfig", "ModConfig\ModConfig.csproj", "{048E7EF0-D4A3-4EE4-9620-B093DCF4B5B6}"
EndProject
Project("{FAE04EC0-301F-11D3-BF4B-00C04F79EFBC}") = "Sewer", "Sewer\Sewer.csproj", "{A6A24912-E558-440D-9DE4-277BAAF5FE98}"
EndProject
Global
	GlobalSection(SolutionConfigurationPlatforms) = preSolution
		Debug|Any CPU = Debug|Any CPU
		Release|Any CPU = Release|Any CPU
	EndGlobalSection
	GlobalSection(ProjectConfigurationPlatforms) = postSolution
		{AFFFF8F4-0EF5-4A54-BB13-50682296FC29}.Debug|Any CPU.ActiveCfg = Debug|Any CPU
		{AFFFF8F4-0EF5-4A54-BB13-50682296FC29}.Debug|Any CPU.Build.0 = Debug|Any CPU
		{AFFFF8F4-0EF5-4A54-BB13-50682296FC29}.Release|Any CPU.ActiveCfg = Release|Any CPU
		{AFFFF8F4-0EF5-4A54-BB13-50682296FC29}.Release|Any CPU.Build.0 = Release|Any CPU
		{F4A9C7B5-1B59-4246-9E29-06E2E0CCB682}.Debug|Any CPU.ActiveCfg = Debug|Any CPU
		{F4A9C7B5-1B59-4246-9E29-06E2E0CCB682}.Debug|Any CPU.Build.0 = Debug|Any CPU
		{F4A9C7B5-1B59-4246-9E29-06E2E0CCB682}.Release|Any CPU.ActiveCfg = Release|Any CPU
		{F4A9C7B5-1B59-4246-9E29-06E2E0CCB682}.Release|Any CPU.Build.0 = Release|Any CPU
		{048E7EF0-D4A3-4EE4-9620-B093DCF4B5B6}.Debug|Any CPU.ActiveCfg = Debug|Any CPU
		{048E7EF0-D4A3-4EE4-9620-B093DCF4B5B6}.Debug|Any CPU.Build.0 = Debug|Any CPU
		{048E7EF0-D4A3-4EE4-9620-B093DCF4B5B6}.Release|Any CPU.ActiveCfg = Release|Any CPU
		{048E7EF0-D4A3-4EE4-9620-B093DCF4B5B6}.Release|Any CPU.Build.0 = Release|Any CPU
		{A6A24912-E558-440D-9DE4-277BAAF5FE98}.Debug|Any CPU.ActiveCfg = Debug|Any CPU
		{A6A24912-E558-440D-9DE4-277BAAF5FE98}.Debug|Any CPU.Build.0 = Debug|Any CPU
		{A6A24912-E558-440D-9DE4-277BAAF5FE98}.Release|Any CPU.ActiveCfg = Release|Any CPU
		{A6A24912-E558-440D-9DE4-277BAAF5FE98}.Release|Any CPU.Build.0 = Release|Any CPU
	EndGlobalSection
	GlobalSection(SolutionProperties) = preSolution
		HideSolutionNode = FALSE
	EndGlobalSection
EndGlobal
